// !$*UTF8*$!
{
	archiveVersion = 1;
	classes = {
	};
	objectVersion = 55;
	objects = {

/* Begin PBXBuildFile section */
		CB950EEB28731116008C60A3 /* main.swift in Sources */ = {isa = PBXBuildFile; fileRef = CB950EEA28731116008C60A3 /* main.swift */; };
/* End PBXBuildFile section */

/* Begin PBXCopyFilesBuildPhase section */
		CB950EE528731116008C60A3 /* CopyFiles */ = {
			isa = PBXCopyFilesBuildPhase;
			buildActionMask = 2147483647;
			dstPath = /usr/share/man/man1/;
			dstSubfolderSpec = 0;
			files = (
			);
			runOnlyForDeploymentPostprocessing = 1;
		};
/* End PBXCopyFilesBuildPhase section */

/* Begin PBXFileReference section */
		CB152CEB2875EA3E00B28571 /* 42627_디스크컨트롤러.swift */ = {isa = PBXFileReference; lastKnownFileType = sourcecode.swift; path = "42627_디스크컨트롤러.swift"; sourceTree = "<group>"; };
		CB152CED2875EAC800B28571 /* 92334_신고결과받기.swift */ = {isa = PBXFileReference; lastKnownFileType = sourcecode.swift; path = "92334_신고결과받기.swift"; sourceTree = "<group>"; };
		CB152CEF2875EB1900B28571 /* 67256_키패드누르기.swift */ = {isa = PBXFileReference; lastKnownFileType = sourcecode.swift; path = "67256_키패드누르기.swift"; sourceTree = "<group>"; };
		CB18D6D628766403001CEAB4 /* 1018_체스판다시칠하기.swift */ = {isa = PBXFileReference; lastKnownFileType = sourcecode.swift; path = "1018_체스판다시칠하기.swift"; sourceTree = "<group>"; };
		CB1E382C28750B2300BAEDA1 /* 16926_상하좌우.swift */ = {isa = PBXFileReference; lastKnownFileType = sourcecode.swift; path = "16926_상하좌우.swift"; sourceTree = "<group>"; };
		CB1E382D2875161800BAEDA1 /* 18312_시각.swift */ = {isa = PBXFileReference; lastKnownFileType = sourcecode.swift; path = "18312_시각.swift"; sourceTree = "<group>"; };
		CB1E382E2875371500BAEDA1 /* 왕실의나이트.swift */ = {isa = PBXFileReference; lastKnownFileType = sourcecode.swift; path = "왕실의나이트.swift"; sourceTree = "<group>"; };
		CB1E38312875376600BAEDA1 /* 문자열재정렬.swift */ = {isa = PBXFileReference; lastKnownFileType = sourcecode.swift; path = "문자열재정렬.swift"; sourceTree = "<group>"; };
		CB950EE728731116008C60A3 /* Algorithm-Study */ = {isa = PBXFileReference; explicitFileType = "compiled.mach-o.executable"; includeInIndex = 0; path = "Algorithm-Study"; sourceTree = BUILT_PRODUCTS_DIR; };
		CB950EEA28731116008C60A3 /* main.swift */ = {isa = PBXFileReference; lastKnownFileType = sourcecode.swift; path = main.swift; sourceTree = "<group>"; };
		CB950EF42873157A008C60A3 /* 62048_멀쩡한사각형.swift */ = {isa = PBXFileReference; lastKnownFileType = sourcecode.swift; path = "62048_멀쩡한사각형.swift"; sourceTree = "<group>"; };
		CBAE5CB5287342BA0094FFD5 /* 60057_문자열압축.swift */ = {isa = PBXFileReference; lastKnownFileType = sourcecode.swift; path = "60057_문자열압축.swift"; sourceTree = "<group>"; };
		CBF2836528757EB1009F4CED /* 2798_블랙잭.swift */ = {isa = PBXFileReference; lastKnownFileType = sourcecode.swift; path = "2798_블랙잭.swift"; sourceTree = "<group>"; };
		CBF283662875D470009F4CED /* 2231_분해합.swift */ = {isa = PBXFileReference; lastKnownFileType = sourcecode.swift; path = "2231_분해합.swift"; sourceTree = "<group>"; };
		CBF283682875E253009F4CED /* 7568_덩치.swift */ = {isa = PBXFileReference; lastKnownFileType = sourcecode.swift; path = "7568_덩치.swift"; sourceTree = "<group>"; };
/* End PBXFileReference section */

/* Begin PBXFrameworksBuildPhase section */
		CB950EE428731116008C60A3 /* Frameworks */ = {
			isa = PBXFrameworksBuildPhase;
			buildActionMask = 2147483647;
			files = (
			);
			runOnlyForDeploymentPostprocessing = 0;
		};
/* End PBXFrameworksBuildPhase section */

/* Begin PBXGroup section */
		CB1E38302875373A00BAEDA1 /* Unknown */ = {
			isa = PBXGroup;
			children = (
				CB1E382E2875371500BAEDA1 /* 왕실의나이트.swift */,
				CB1E38312875376600BAEDA1 /* 문자열재정렬.swift */,
			);
			path = Unknown;
			sourceTree = "<group>";
		};
		CB950EDE28731116008C60A3 = {
			isa = PBXGroup;
			children = (
				CB950EE928731116008C60A3 /* Algorithm-Study */,
				CB950EE828731116008C60A3 /* Products */,
			);
			sourceTree = "<group>";
		};
		CB950EE828731116008C60A3 /* Products */ = {
			isa = PBXGroup;
			children = (
				CB950EE728731116008C60A3 /* Algorithm-Study */,
			);
			name = Products;
			sourceTree = "<group>";
		};
		CB950EE928731116008C60A3 /* Algorithm-Study */ = {
			isa = PBXGroup;
			children = (
				CB950EEA28731116008C60A3 /* main.swift */,
				CB950EF328731172008C60A3 /* Baekjoon */,
				CB950EF228731150008C60A3 /* Programmers */,
				CB950EF128731130008C60A3 /* LeetCode */,
				CB1E38302875373A00BAEDA1 /* Unknown */,
			);
			path = "Algorithm-Study";
			sourceTree = "<group>";
		};
		CB950EF128731130008C60A3 /* LeetCode */ = {
			isa = PBXGroup;
			children = (
			);
			path = LeetCode;
			sourceTree = "<group>";
		};
		CB950EF228731150008C60A3 /* Programmers */ = {
			isa = PBXGroup;
			children = (
				CB950EF42873157A008C60A3 /* 62048_멀쩡한사각형.swift */,
				CBAE5CB5287342BA0094FFD5 /* 60057_문자열압축.swift */,
				CB152CEB2875EA3E00B28571 /* 42627_디스크컨트롤러.swift */,
				CB152CED2875EAC800B28571 /* 92334_신고결과받기.swift */,
				CB152CEF2875EB1900B28571 /* 67256_키패드누르기.swift */,
			);
			path = Programmers;
			sourceTree = "<group>";
		};
		CB950EF328731172008C60A3 /* Baekjoon */ = {
			isa = PBXGroup;
			children = (
				CB1E382C28750B2300BAEDA1 /* 16926_상하좌우.swift */,
				CB1E382D2875161800BAEDA1 /* 18312_시각.swift */,
				CBF2836528757EB1009F4CED /* 2798_블랙잭.swift */,
				CBF283662875D470009F4CED /* 2231_분해합.swift */,
				CBF283682875E253009F4CED /* 7568_덩치.swift */,
				CB18D6D628766403001CEAB4 /* 1018_체스판다시칠하기.swift */,
			);
			path = Baekjoon;
			sourceTree = "<group>";
		};
/* End PBXGroup section */

/* Begin PBXNativeTarget section */
		CB950EE628731116008C60A3 /* Algorithm-Study */ = {
			isa = PBXNativeTarget;
			buildConfigurationList = CB950EEE28731116008C60A3 /* Build configuration list for PBXNativeTarget "Algorithm-Study" */;
			buildPhases = (
				CB950EE328731116008C60A3 /* Sources */,
				CB950EE428731116008C60A3 /* Frameworks */,
				CB950EE528731116008C60A3 /* CopyFiles */,
			);
			buildRules = (
			);
			dependencies = (
			);
			name = "Algorithm-Study";
			productName = "Algorithm-Study";
			productReference = CB950EE728731116008C60A3 /* Algorithm-Study */;
			productType = "com.apple.product-type.tool";
		};
/* End PBXNativeTarget section */

/* Begin PBXProject section */
		CB950EDF28731116008C60A3 /* Project object */ = {
			isa = PBXProject;
			attributes = {
				BuildIndependentTargetsInParallel = 1;
				LastSwiftUpdateCheck = 1340;
				LastUpgradeCheck = 1340;
				TargetAttributes = {
					CB950EE628731116008C60A3 = {
						CreatedOnToolsVersion = 13.4.1;
					};
				};
			};
			buildConfigurationList = CB950EE228731116008C60A3 /* Build configuration list for PBXProject "Algorithm-Study" */;
			compatibilityVersion = "Xcode 13.0";
			developmentRegion = en;
			hasScannedForEncodings = 0;
			knownRegions = (
				en,
				Base,
			);
			mainGroup = CB950EDE28731116008C60A3;
			productRefGroup = CB950EE828731116008C60A3 /* Products */;
			projectDirPath = "";
			projectRoot = "";
			targets = (
				CB950EE628731116008C60A3 /* Algorithm-Study */,
			);
		};
/* End PBXProject section */

/* Begin PBXSourcesBuildPhase section */
		CB950EE328731116008C60A3 /* Sources */ = {
			isa = PBXSourcesBuildPhase;
			buildActionMask = 2147483647;
			files = (
				CB950EEB28731116008C60A3 /* main.swift in Sources */,
			);
			runOnlyForDeploymentPostprocessing = 0;
		};
/* End PBXSourcesBuildPhase section */

/* Begin XCBuildConfiguration section */
		CB950EEC28731116008C60A3 /* Debug */ = {
			isa = XCBuildConfiguration;
			buildSettings = {
				ALWAYS_SEARCH_USER_PATHS = NO;
				CLANG_ANALYZER_NONNULL = YES;
				CLANG_ANALYZER_NUMBER_OBJECT_CONVERSION = YES_AGGRESSIVE;
				CLANG_CXX_LANGUAGE_STANDARD = "gnu++17";
				CLANG_ENABLE_MODULES = YES;
				CLANG_ENABLE_OBJC_ARC = YES;
				CLANG_ENABLE_OBJC_WEAK = YES;
				CLANG_WARN_BLOCK_CAPTURE_AUTORELEASING = YES;
				CLANG_WARN_BOOL_CONVERSION = YES;
				CLANG_WARN_COMMA = YES;
				CLANG_WARN_CONSTANT_CONVERSION = YES;
				CLANG_WARN_DEPRECATED_OBJC_IMPLEMENTATIONS = YES;
				CLANG_WARN_DIRECT_OBJC_ISA_USAGE = YES_ERROR;
				CLANG_WARN_DOCUMENTATION_COMMENTS = YES;
				CLANG_WARN_EMPTY_BODY = YES;
				CLANG_WARN_ENUM_CONVERSION = YES;
				CLANG_WARN_INFINITE_RECURSION = YES;
				CLANG_WARN_INT_CONVERSION = YES;
				CLANG_WARN_NON_LITERAL_NULL_CONVERSION = YES;
				CLANG_WARN_OBJC_IMPLICIT_RETAIN_SELF = YES;
				CLANG_WARN_OBJC_LITERAL_CONVERSION = YES;
				CLANG_WARN_OBJC_ROOT_CLASS = YES_ERROR;
				CLANG_WARN_QUOTED_INCLUDE_IN_FRAMEWORK_HEADER = YES;
				CLANG_WARN_RANGE_LOOP_ANALYSIS = YES;
				CLANG_WARN_STRICT_PROTOTYPES = YES;
				CLANG_WARN_SUSPICIOUS_MOVE = YES;
				CLANG_WARN_UNGUARDED_AVAILABILITY = YES_AGGRESSIVE;
				CLANG_WARN_UNREACHABLE_CODE = YES;
				CLANG_WARN__DUPLICATE_METHOD_MATCH = YES;
				COPY_PHASE_STRIP = NO;
				DEBUG_INFORMATION_FORMAT = dwarf;
				ENABLE_STRICT_OBJC_MSGSEND = YES;
				ENABLE_TESTABILITY = YES;
				GCC_C_LANGUAGE_STANDARD = gnu11;
				GCC_DYNAMIC_NO_PIC = NO;
				GCC_NO_COMMON_BLOCKS = YES;
				GCC_OPTIMIZATION_LEVEL = 0;
				GCC_PREPROCESSOR_DEFINITIONS = (
					"DEBUG=1",
					"$(inherited)",
				);
				GCC_WARN_64_TO_32_BIT_CONVERSION = YES;
				GCC_WARN_ABOUT_RETURN_TYPE = YES_ERROR;
				GCC_WARN_UNDECLARED_SELECTOR = YES;
				GCC_WARN_UNINITIALIZED_AUTOS = YES_AGGRESSIVE;
				GCC_WARN_UNUSED_FUNCTION = YES;
				GCC_WARN_UNUSED_VARIABLE = YES;
				MACOSX_DEPLOYMENT_TARGET = 12.3;
				MTL_ENABLE_DEBUG_INFO = INCLUDE_SOURCE;
				MTL_FAST_MATH = YES;
				ONLY_ACTIVE_ARCH = YES;
				SDKROOT = macosx;
				SWIFT_ACTIVE_COMPILATION_CONDITIONS = DEBUG;
				SWIFT_OPTIMIZATION_LEVEL = "-Onone";
			};
			name = Debug;
		};
		CB950EED28731116008C60A3 /* Release */ = {
			isa = XCBuildConfiguration;
			buildSettings = {
				ALWAYS_SEARCH_USER_PATHS = NO;
				CLANG_ANALYZER_NONNULL = YES;
				CLANG_ANALYZER_NUMBER_OBJECT_CONVERSION = YES_AGGRESSIVE;
				CLANG_CXX_LANGUAGE_STANDARD = "gnu++17";
				CLANG_ENABLE_MODULES = YES;
				CLANG_ENABLE_OBJC_ARC = YES;
				CLANG_ENABLE_OBJC_WEAK = YES;
				CLANG_WARN_BLOCK_CAPTURE_AUTORELEASING = YES;
				CLANG_WARN_BOOL_CONVERSION = YES;
				CLANG_WARN_COMMA = YES;
				CLANG_WARN_CONSTANT_CONVERSION = YES;
				CLANG_WARN_DEPRECATED_OBJC_IMPLEMENTATIONS = YES;
				CLANG_WARN_DIRECT_OBJC_ISA_USAGE = YES_ERROR;
				CLANG_WARN_DOCUMENTATION_COMMENTS = YES;
				CLANG_WARN_EMPTY_BODY = YES;
				CLANG_WARN_ENUM_CONVERSION = YES;
				CLANG_WARN_INFINITE_RECURSION = YES;
				CLANG_WARN_INT_CONVERSION = YES;
				CLANG_WARN_NON_LITERAL_NULL_CONVERSION = YES;
				CLANG_WARN_OBJC_IMPLICIT_RETAIN_SELF = YES;
				CLANG_WARN_OBJC_LITERAL_CONVERSION = YES;
				CLANG_WARN_OBJC_ROOT_CLASS = YES_ERROR;
				CLANG_WARN_QUOTED_INCLUDE_IN_FRAMEWORK_HEADER = YES;
				CLANG_WARN_RANGE_LOOP_ANALYSIS = YES;
				CLANG_WARN_STRICT_PROTOTYPES = YES;
				CLANG_WARN_SUSPICIOUS_MOVE = YES;
				CLANG_WARN_UNGUARDED_AVAILABILITY = YES_AGGRESSIVE;
				CLANG_WARN_UNREACHABLE_CODE = YES;
				CLANG_WARN__DUPLICATE_METHOD_MATCH = YES;
				COPY_PHASE_STRIP = NO;
				DEBUG_INFORMATION_FORMAT = "dwarf-with-dsym";
				ENABLE_NS_ASSERTIONS = NO;
				ENABLE_STRICT_OBJC_MSGSEND = YES;
				GCC_C_LANGUAGE_STANDARD = gnu11;
				GCC_NO_COMMON_BLOCKS = YES;
				GCC_WARN_64_TO_32_BIT_CONVERSION = YES;
				GCC_WARN_ABOUT_RETURN_TYPE = YES_ERROR;
				GCC_WARN_UNDECLARED_SELECTOR = YES;
				GCC_WARN_UNINITIALIZED_AUTOS = YES_AGGRESSIVE;
				GCC_WARN_UNUSED_FUNCTION = YES;
				GCC_WARN_UNUSED_VARIABLE = YES;
				MACOSX_DEPLOYMENT_TARGET = 12.3;
				MTL_ENABLE_DEBUG_INFO = NO;
				MTL_FAST_MATH = YES;
				SDKROOT = macosx;
				SWIFT_COMPILATION_MODE = wholemodule;
				SWIFT_OPTIMIZATION_LEVEL = "-O";
			};
			name = Release;
		};
		CB950EEF28731116008C60A3 /* Debug */ = {
			isa = XCBuildConfiguration;
			buildSettings = {
				CODE_SIGN_STYLE = Automatic;
				DEVELOPMENT_TEAM = 36N4X279LQ;
				ENABLE_HARDENED_RUNTIME = YES;
				PRODUCT_NAME = "$(TARGET_NAME)";
				SWIFT_VERSION = 5.0;
			};
			name = Debug;
		};
		CB950EF028731116008C60A3 /* Release */ = {
			isa = XCBuildConfiguration;
			buildSettings = {
				CODE_SIGN_STYLE = Automatic;
				DEVELOPMENT_TEAM = 36N4X279LQ;
				ENABLE_HARDENED_RUNTIME = YES;
				PRODUCT_NAME = "$(TARGET_NAME)";
				SWIFT_VERSION = 5.0;
			};
			name = Release;
		};
/* End XCBuildConfiguration section */

/* Begin XCConfigurationList section */
		CB950EE228731116008C60A3 /* Build configuration list for PBXProject "Algorithm-Study" */ = {
			isa = XCConfigurationList;
			buildConfigurations = (
				CB950EEC28731116008C60A3 /* Debug */,
				CB950EED28731116008C60A3 /* Release */,
			);
			defaultConfigurationIsVisible = 0;
			defaultConfigurationName = Release;
		};
		CB950EEE28731116008C60A3 /* Build configuration list for PBXNativeTarget "Algorithm-Study" */ = {
			isa = XCConfigurationList;
			buildConfigurations = (
				CB950EEF28731116008C60A3 /* Debug */,
				CB950EF028731116008C60A3 /* Release */,
			);
			defaultConfigurationIsVisible = 0;
			defaultConfigurationName = Release;
		};
/* End XCConfigurationList section */
	};
	rootObject = CB950EDF28731116008C60A3 /* Project object */;
}
